
Microsoft Visual Studio Solution File, Format Version 12.00
# Visual Studio 15
VisualStudioVersion = 15.0.26730.15
MinimumVisualStudioVersion = 10.0.40219.1
Project("{888888A0-9F3D-457C-B088-3A5042F75D52}") = "Space Invaders", "Space Invaders\Space Invaders.pyproj", "{45985014-3966-41B9-84B3-737781C17908}"
EndProject
Global
	GlobalSection(SolutionConfigurationPlatforms) = preSolution
		Debug|Any CPU = Debug|Any CPU
		Release|Any CPU = Release|Any CPU
	EndGlobalSection
	GlobalSection(ProjectConfigurationPlatforms) = postSolution
		{45985014-3966-41B9-84B3-737781C17908}.Debug|Any CPU.ActiveCfg = Debug|Any CPU
		{45985014-3966-41B9-84B3-737781C17908}.Release|Any CPU.ActiveCfg = Release|Any CPU
	EndGlobalSection
	GlobalSection(SolutionProperties) = preSolution
		HideSolutionNode = FALSE
	EndGlobalSection
	GlobalSection(ExtensibilityGlobals) = postSolution
		SolutionGuid = {EFAF1069-2DF5-4053-BB4B-D398B2CA6626}
	EndGlobalSection
EndGlobal
